// !$*UTF8*$!
{
	archiveVersion = 1;
	classes = {
	};
	objectVersion = 52;
	objects = {

/* Begin PBXBuildFile section */
		7B6367FB26F7298B00D257B4 /* data.json in Resources */ = {isa = PBXBuildFile; fileRef = 7B6367FA26F7298B00D257B4 /* data.json */; };
		7B87F48126EC7C01003BB1D2 /* AppDelegate.swift in Sources */ = {isa = PBXBuildFile; fileRef = 7B87F48026EC7C01003BB1D2 /* AppDelegate.swift */; };
		7B87F48326EC7C01003BB1D2 /* SceneDelegate.swift in Sources */ = {isa = PBXBuildFile; fileRef = 7B87F48226EC7C01003BB1D2 /* SceneDelegate.swift */; };
		7B87F48826EC7C01003BB1D2 /* Main.storyboard in Resources */ = {isa = PBXBuildFile; fileRef = 7B87F48626EC7C01003BB1D2 /* Main.storyboard */; };
		7B87F48A26EC7C03003BB1D2 /* Assets.xcassets in Resources */ = {isa = PBXBuildFile; fileRef = 7B87F48926EC7C03003BB1D2 /* Assets.xcassets */; };
		7B87F48D26EC7C03003BB1D2 /* LaunchScreen.storyboard in Resources */ = {isa = PBXBuildFile; fileRef = 7B87F48B26EC7C03003BB1D2 /* LaunchScreen.storyboard */; };
		7B87F49826EC7DD2003BB1D2 /* MainViewController.swift in Sources */ = {isa = PBXBuildFile; fileRef = 7B87F49726EC7DD2003BB1D2 /* MainViewController.swift */; };
		7B87F49D26EC7E33003BB1D2 /* SecondaryViewController.swift in Sources */ = {isa = PBXBuildFile; fileRef = 7B87F49B26EC7E33003BB1D2 /* SecondaryViewController.swift */; };
		7B87F49E26EC7E33003BB1D2 /* SecondaryViewController.xib in Resources */ = {isa = PBXBuildFile; fileRef = 7B87F49C26EC7E33003BB1D2 /* SecondaryViewController.xib */; };
		7B87F4BB26EC9287003BB1D2 /* PrepareViewController.swift in Sources */ = {isa = PBXBuildFile; fileRef = 7B87F4BA26EC9287003BB1D2 /* PrepareViewController.swift */; };
		7B87F4C126ECA67C003BB1D2 /* SampleDelegate.swift in Sources */ = {isa = PBXBuildFile; fileRef = 7B87F4C026ECA67C003BB1D2 /* SampleDelegate.swift */; };
		7BAB791026F7351B003A124C /* ByProperties.gif in Resources */ = {isa = PBXBuildFile; fileRef = 7BAB790F26F7351B003A124C /* ByProperties.gif */; };
		7BAB791226F736CA003A124C /* BySegues.gif in Resources */ = {isa = PBXBuildFile; fileRef = 7BAB791126F736CA003A124C /* BySegues.gif */; };
		7BAB791426F7373D003A124C /* DataBackWithProperties.gif in Resources */ = {isa = PBXBuildFile; fileRef = 7BAB791326F7373D003A124C /* DataBackWithProperties.gif */; };
		7BAB791626F737A1003A124C /* DataBackWithDelegation.gif in Resources */ = {isa = PBXBuildFile; fileRef = 7BAB791526F737A1003A124C /* DataBackWithDelegation.gif */; };
		7BAB791826F73822003A124C /* DataBackWithClosure.gif in Resources */ = {isa = PBXBuildFile; fileRef = 7BAB791726F73822003A124C /* DataBackWithClosure.gif */; };
		7BAE642426F721350067C0D6 /* Lottie in Frameworks */ = {isa = PBXBuildFile; productRef = 7BAE642326F721350067C0D6 /* Lottie */; };
/* End PBXBuildFile section */

/* Begin PBXFileReference section */
		7B6367FA26F7298B00D257B4 /* data.json */ = {isa = PBXFileReference; fileEncoding = 4; lastKnownFileType = text.json; path = data.json; sourceTree = "<group>"; };
		7B87F47D26EC7C01003BB1D2 /* PassingData.app */ = {isa = PBXFileReference; explicitFileType = wrapper.application; includeInIndex = 0; path = PassingData.app; sourceTree = BUILT_PRODUCTS_DIR; };
		7B87F48026EC7C01003BB1D2 /* AppDelegate.swift */ = {isa = PBXFileReference; lastKnownFileType = sourcecode.swift; path = AppDelegate.swift; sourceTree = "<group>"; };
		7B87F48226EC7C01003BB1D2 /* SceneDelegate.swift */ = {isa = PBXFileReference; lastKnownFileType = sourcecode.swift; path = SceneDelegate.swift; sourceTree = "<group>"; };
		7B87F48726EC7C01003BB1D2 /* Base */ = {isa = PBXFileReference; lastKnownFileType = file.storyboard; name = Base; path = Base.lproj/Main.storyboard; sourceTree = "<group>"; };
		7B87F48926EC7C03003BB1D2 /* Assets.xcassets */ = {isa = PBXFileReference; lastKnownFileType = folder.assetcatalog; path = Assets.xcassets; sourceTree = "<group>"; };
		7B87F48C26EC7C03003BB1D2 /* Base */ = {isa = PBXFileReference; lastKnownFileType = file.storyboard; name = Base; path = Base.lproj/LaunchScreen.storyboard; sourceTree = "<group>"; };
		7B87F48E26EC7C03003BB1D2 /* Info.plist */ = {isa = PBXFileReference; lastKnownFileType = text.plist.xml; path = Info.plist; sourceTree = "<group>"; };
		7B87F49726EC7DD2003BB1D2 /* MainViewController.swift */ = {isa = PBXFileReference; lastKnownFileType = sourcecode.swift; path = MainViewController.swift; sourceTree = "<group>"; };
		7B87F49B26EC7E33003BB1D2 /* SecondaryViewController.swift */ = {isa = PBXFileReference; lastKnownFileType = sourcecode.swift; path = SecondaryViewController.swift; sourceTree = "<group>"; };
		7B87F49C26EC7E33003BB1D2 /* SecondaryViewController.xib */ = {isa = PBXFileReference; lastKnownFileType = file.xib; path = SecondaryViewController.xib; sourceTree = "<group>"; };
		7B87F4BA26EC9287003BB1D2 /* PrepareViewController.swift */ = {isa = PBXFileReference; lastKnownFileType = sourcecode.swift; path = PrepareViewController.swift; sourceTree = "<group>"; };
		7B87F4C026ECA67C003BB1D2 /* SampleDelegate.swift */ = {isa = PBXFileReference; lastKnownFileType = sourcecode.swift; path = SampleDelegate.swift; sourceTree = "<group>"; };
		7BAB790F26F7351B003A124C /* ByProperties.gif */ = {isa = PBXFileReference; lastKnownFileType = image.gif; path = ByProperties.gif; sourceTree = "<group>"; };
		7BAB791126F736CA003A124C /* BySegues.gif */ = {isa = PBXFileReference; lastKnownFileType = image.gif; path = BySegues.gif; sourceTree = "<group>"; };
		7BAB791326F7373D003A124C /* DataBackWithProperties.gif */ = {isa = PBXFileReference; lastKnownFileType = image.gif; path = DataBackWithProperties.gif; sourceTree = "<group>"; };
		7BAB791526F737A1003A124C /* DataBackWithDelegation.gif */ = {isa = PBXFileReference; lastKnownFileType = image.gif; path = DataBackWithDelegation.gif; sourceTree = "<group>"; };
		7BAB791726F73822003A124C /* DataBackWithClosure.gif */ = {isa = PBXFileReference; lastKnownFileType = image.gif; path = DataBackWithClosure.gif; sourceTree = "<group>"; };
/* End PBXFileReference section */

/* Begin PBXFrameworksBuildPhase section */
		7B87F47A26EC7C01003BB1D2 /* Frameworks */ = {
			isa = PBXFrameworksBuildPhase;
			buildActionMask = 2147483647;
			files = (
				7BAE642426F721350067C0D6 /* Lottie in Frameworks */,
			);
			runOnlyForDeploymentPostprocessing = 0;
		};
/* End PBXFrameworksBuildPhase section */

/* Begin PBXGroup section */
		7B3756F726EE0BFF0043D2B1 /* Gif */ = {
			isa = PBXGroup;
			children = (
				7BAB791726F73822003A124C /* DataBackWithClosure.gif */,
				7BAB791526F737A1003A124C /* DataBackWithDelegation.gif */,
				7BAB791326F7373D003A124C /* DataBackWithProperties.gif */,
				7BAB790F26F7351B003A124C /* ByProperties.gif */,
				7BAB791126F736CA003A124C /* BySegues.gif */,
			);
			path = Gif;
			sourceTree = "<group>";
		};
		7B6367F926F7295E00D257B4 /* Assets */ = {
			isa = PBXGroup;
			children = (
				7B87F48926EC7C03003BB1D2 /* Assets.xcassets */,
				7B6367FA26F7298B00D257B4 /* data.json */,
			);
			path = Assets;
			sourceTree = "<group>";
		};
		7B87F47426EC7C01003BB1D2 = {
			isa = PBXGroup;
			children = (
				7B3756F726EE0BFF0043D2B1 /* Gif */,
				7B87F47F26EC7C01003BB1D2 /* PassingData */,
				7B87F47E26EC7C01003BB1D2 /* Products */,
			);
			sourceTree = "<group>";
		};
		7B87F47E26EC7C01003BB1D2 /* Products */ = {
			isa = PBXGroup;
			children = (
				7B87F47D26EC7C01003BB1D2 /* PassingData.app */,
			);
			name = Products;
			sourceTree = "<group>";
		};
		7B87F47F26EC7C01003BB1D2 /* PassingData */ = {
			isa = PBXGroup;
			children = (
				7B87F4BF26ECA64E003BB1D2 /* Delegate */,
				7B87F4A026EC7E3E003BB1D2 /* Storyboard */,
				7B87F49626EC7DA8003BB1D2 /* Controller */,
				7B6367F926F7295E00D257B4 /* Assets */,
				7B87F48E26EC7C03003BB1D2 /* Info.plist */,
			);
			path = PassingData;
			sourceTree = "<group>";
		};
		7B87F49626EC7DA8003BB1D2 /* Controller */ = {
			isa = PBXGroup;
			children = (
				7B87F49726EC7DD2003BB1D2 /* MainViewController.swift */,
				7B87F49B26EC7E33003BB1D2 /* SecondaryViewController.swift */,
				7B87F4BA26EC9287003BB1D2 /* PrepareViewController.swift */,
			);
			path = Controller;
			sourceTree = "<group>";
		};
		7B87F4A026EC7E3E003BB1D2 /* Storyboard */ = {
			isa = PBXGroup;
			children = (
				7B87F48626EC7C01003BB1D2 /* Main.storyboard */,
				7B87F48B26EC7C03003BB1D2 /* LaunchScreen.storyboard */,
				7B87F49C26EC7E33003BB1D2 /* SecondaryViewController.xib */,
			);
			path = Storyboard;
			sourceTree = "<group>";
		};
		7B87F4BF26ECA64E003BB1D2 /* Delegate */ = {
			isa = PBXGroup;
			children = (
				7B87F48026EC7C01003BB1D2 /* AppDelegate.swift */,
				7B87F48226EC7C01003BB1D2 /* SceneDelegate.swift */,
				7B87F4C026ECA67C003BB1D2 /* SampleDelegate.swift */,
			);
			path = Delegate;
			sourceTree = "<group>";
		};
/* End PBXGroup section */

/* Begin PBXNativeTarget section */
		7B87F47C26EC7C01003BB1D2 /* PassingData */ = {
			isa = PBXNativeTarget;
			buildConfigurationList = 7B87F49126EC7C03003BB1D2 /* Build configuration list for PBXNativeTarget "PassingData" */;
			buildPhases = (
				7B87F47926EC7C01003BB1D2 /* Sources */,
				7B87F47A26EC7C01003BB1D2 /* Frameworks */,
				7B87F47B26EC7C01003BB1D2 /* Resources */,
			);
			buildRules = (
			);
			dependencies = (
			);
			name = PassingData;
			packageProductDependencies = (
				7BAE642326F721350067C0D6 /* Lottie */,
			);
			productName = PassingData;
			productReference = 7B87F47D26EC7C01003BB1D2 /* PassingData.app */;
			productType = "com.apple.product-type.application";
		};
/* End PBXNativeTarget section */

/* Begin PBXProject section */
		7B87F47526EC7C01003BB1D2 /* Project object */ = {
			isa = PBXProject;
			attributes = {
				LastSwiftUpdateCheck = 1240;
				LastUpgradeCheck = 1240;
				TargetAttributes = {
					7B87F47C26EC7C01003BB1D2 = {
						CreatedOnToolsVersion = 12.4;
					};
				};
			};
			buildConfigurationList = 7B87F47826EC7C01003BB1D2 /* Build configuration list for PBXProject "PassingData" */;
			compatibilityVersion = "Xcode 9.3";
			developmentRegion = en;
			hasScannedForEncodings = 0;
			knownRegions = (
				en,
				Base,
			);
			mainGroup = 7B87F47426EC7C01003BB1D2;
			packageReferences = (
				7BAE642226F721350067C0D6 /* XCRemoteSwiftPackageReference "lottie-ios" */,
			);
			productRefGroup = 7B87F47E26EC7C01003BB1D2 /* Products */;
			projectDirPath = "";
			projectRoot = "";
			targets = (
				7B87F47C26EC7C01003BB1D2 /* PassingData */,
			);
		};
/* End PBXProject section */

/* Begin PBXResourcesBuildPhase section */
		7B87F47B26EC7C01003BB1D2 /* Resources */ = {
			isa = PBXResourcesBuildPhase;
			buildActionMask = 2147483647;
			files = (
				7BAB791026F7351B003A124C /* ByProperties.gif in Resources */,
				7B6367FB26F7298B00D257B4 /* data.json in Resources */,
				7BAB791426F7373D003A124C /* DataBackWithProperties.gif in Resources */,
				7BAB791226F736CA003A124C /* BySegues.gif in Resources */,
				7B87F48D26EC7C03003BB1D2 /* LaunchScreen.storyboard in Resources */,
				7BAB791826F73822003A124C /* DataBackWithClosure.gif in Resources */,
				7B87F48A26EC7C03003BB1D2 /* Assets.xcassets in Resources */,
				7B87F48826EC7C01003BB1D2 /* Main.storyboard in Resources */,
				7B87F49E26EC7E33003BB1D2 /* SecondaryViewController.xib in Resources */,
				7BAB791626F737A1003A124C /* DataBackWithDelegation.gif in Resources */,
			);
			runOnlyForDeploymentPostprocessing = 0;
		};
/* End PBXResourcesBuildPhase section */

/* Begin PBXSourcesBuildPhase section */
		7B87F47926EC7C01003BB1D2 /* Sources */ = {
			isa = PBXSourcesBuildPhase;
			buildActionMask = 2147483647;
			files = (
				7B87F49826EC7DD2003BB1D2 /* MainViewController.swift in Sources */,
				7B87F48126EC7C01003BB1D2 /* AppDelegate.swift in Sources */,
				7B87F4BB26EC9287003BB1D2 /* PrepareViewController.swift in Sources */,
				7B87F48326EC7C01003BB1D2 /* SceneDelegate.swift in Sources */,
				7B87F4C126ECA67C003BB1D2 /* SampleDelegate.swift in Sources */,
				7B87F49D26EC7E33003BB1D2 /* SecondaryViewController.swift in Sources */,
			);
			runOnlyForDeploymentPostprocessing = 0;
		};
/* End PBXSourcesBuildPhase section */

/* Begin PBXVariantGroup section */
		7B87F48626EC7C01003BB1D2 /* Main.storyboard */ = {
			isa = PBXVariantGroup;
			children = (
				7B87F48726EC7C01003BB1D2 /* Base */,
			);
			name = Main.storyboard;
			sourceTree = "<group>";
		};
		7B87F48B26EC7C03003BB1D2 /* LaunchScreen.storyboard */ = {
			isa = PBXVariantGroup;
			children = (
				7B87F48C26EC7C03003BB1D2 /* Base */,
			);
			name = LaunchScreen.storyboard;
			sourceTree = "<group>";
		};
/* End PBXVariantGroup section */

/* Begin XCBuildConfiguration section */
		7B87F48F26EC7C03003BB1D2 /* Debug */ = {
			isa = XCBuildConfiguration;
			buildSettings = {
				ALWAYS_SEARCH_USER_PATHS = NO;
				CLANG_ANALYZER_NONNULL = YES;
				CLANG_ANALYZER_NUMBER_OBJECT_CONVERSION = YES_AGGRESSIVE;
				CLANG_CXX_LANGUAGE_STANDARD = "gnu++14";
				CLANG_CXX_LIBRARY = "libc++";
				CLANG_ENABLE_MODULES = YES;
				CLANG_ENABLE_OBJC_ARC = YES;
				CLANG_ENABLE_OBJC_WEAK = YES;
				CLANG_WARN_BLOCK_CAPTURE_AUTORELEASING = YES;
				CLANG_WARN_BOOL_CONVERSION = YES;
				CLANG_WARN_COMMA = YES;
				CLANG_WARN_CONSTANT_CONVERSION = YES;
				CLANG_WARN_DEPRECATED_OBJC_IMPLEMENTATIONS = YES;
				CLANG_WARN_DIRECT_OBJC_ISA_USAGE = YES_ERROR;
				CLANG_WARN_DOCUMENTATION_COMMENTS = YES;
				CLANG_WARN_EMPTY_BODY = YES;
				CLANG_WARN_ENUM_CONVERSION = YES;
				CLANG_WARN_INFINITE_RECURSION = YES;
				CLANG_WARN_INT_CONVERSION = YES;
				CLANG_WARN_NON_LITERAL_NULL_CONVERSION = YES;
				CLANG_WARN_OBJC_IMPLICIT_RETAIN_SELF = YES;
				CLANG_WARN_OBJC_LITERAL_CONVERSION = YES;
				CLANG_WARN_OBJC_ROOT_CLASS = YES_ERROR;
				CLANG_WARN_QUOTED_INCLUDE_IN_FRAMEWORK_HEADER = YES;
				CLANG_WARN_RANGE_LOOP_ANALYSIS = YES;
				CLANG_WARN_STRICT_PROTOTYPES = YES;
				CLANG_WARN_SUSPICIOUS_MOVE = YES;
				CLANG_WARN_UNGUARDED_AVAILABILITY = YES_AGGRESSIVE;
				CLANG_WARN_UNREACHABLE_CODE = YES;
				CLANG_WARN__DUPLICATE_METHOD_MATCH = YES;
				COPY_PHASE_STRIP = NO;
				DEBUG_INFORMATION_FORMAT = dwarf;
				ENABLE_STRICT_OBJC_MSGSEND = YES;
				ENABLE_TESTABILITY = YES;
				GCC_C_LANGUAGE_STANDARD = gnu11;
				GCC_DYNAMIC_NO_PIC = NO;
				GCC_NO_COMMON_BLOCKS = YES;
				GCC_OPTIMIZATION_LEVEL = 0;
				GCC_PREPROCESSOR_DEFINITIONS = (
					"DEBUG=1",
					"$(inherited)",
				);
				GCC_WARN_64_TO_32_BIT_CONVERSION = YES;
				GCC_WARN_ABOUT_RETURN_TYPE = YES_ERROR;
				GCC_WARN_UNDECLARED_SELECTOR = YES;
				GCC_WARN_UNINITIALIZED_AUTOS = YES_AGGRESSIVE;
				GCC_WARN_UNUSED_FUNCTION = YES;
				GCC_WARN_UNUSED_VARIABLE = YES;
				IPHONEOS_DEPLOYMENT_TARGET = 14.4;
				MTL_ENABLE_DEBUG_INFO = INCLUDE_SOURCE;
				MTL_FAST_MATH = YES;
				ONLY_ACTIVE_ARCH = YES;
				SDKROOT = iphoneos;
				SWIFT_ACTIVE_COMPILATION_CONDITIONS = DEBUG;
				SWIFT_OPTIMIZATION_LEVEL = "-Onone";
			};
			name = Debug;
		};
		7B87F49026EC7C03003BB1D2 /* Release */ = {
			isa = XCBuildConfiguration;
			buildSettings = {
				ALWAYS_SEARCH_USER_PATHS = NO;
				CLANG_ANALYZER_NONNULL = YES;
				CLANG_ANALYZER_NUMBER_OBJECT_CONVERSION = YES_AGGRESSIVE;
				CLANG_CXX_LANGUAGE_STANDARD = "gnu++14";
				CLANG_CXX_LIBRARY = "libc++";
				CLANG_ENABLE_MODULES = YES;
				CLANG_ENABLE_OBJC_ARC = YES;
				CLANG_ENABLE_OBJC_WEAK = YES;
				CLANG_WARN_BLOCK_CAPTURE_AUTORELEASING = YES;
				CLANG_WARN_BOOL_CONVERSION = YES;
				CLANG_WARN_COMMA = YES;
				CLANG_WARN_CONSTANT_CONVERSION = YES;
				CLANG_WARN_DEPRECATED_OBJC_IMPLEMENTATIONS = YES;
				CLANG_WARN_DIRECT_OBJC_ISA_USAGE = YES_ERROR;
				CLANG_WARN_DOCUMENTATION_COMMENTS = YES;
				CLANG_WARN_EMPTY_BODY = YES;
				CLANG_WARN_ENUM_CONVERSION = YES;
				CLANG_WARN_INFINITE_RECURSION = YES;
				CLANG_WARN_INT_CONVERSION = YES;
				CLANG_WARN_NON_LITERAL_NULL_CONVERSION = YES;
				CLANG_WARN_OBJC_IMPLICIT_RETAIN_SELF = YES;
				CLANG_WARN_OBJC_LITERAL_CONVERSION = YES;
				CLANG_WARN_OBJC_ROOT_CLASS = YES_ERROR;
				CLANG_WARN_QUOTED_INCLUDE_IN_FRAMEWORK_HEADER = YES;
				CLANG_WARN_RANGE_LOOP_ANALYSIS = YES;
				CLANG_WARN_STRICT_PROTOTYPES = YES;
				CLANG_WARN_SUSPICIOUS_MOVE = YES;
				CLANG_WARN_UNGUARDED_AVAILABILITY = YES_AGGRESSIVE;
				CLANG_WARN_UNREACHABLE_CODE = YES;
				CLANG_WARN__DUPLICATE_METHOD_MATCH = YES;
				COPY_PHASE_STRIP = NO;
				DEBUG_INFORMATION_FORMAT = "dwarf-with-dsym";
				ENABLE_NS_ASSERTIONS = NO;
				ENABLE_STRICT_OBJC_MSGSEND = YES;
				GCC_C_LANGUAGE_STANDARD = gnu11;
				GCC_NO_COMMON_BLOCKS = YES;
				GCC_WARN_64_TO_32_BIT_CONVERSION = YES;
				GCC_WARN_ABOUT_RETURN_TYPE = YES_ERROR;
				GCC_WARN_UNDECLARED_SELECTOR = YES;
				GCC_WARN_UNINITIALIZED_AUTOS = YES_AGGRESSIVE;
				GCC_WARN_UNUSED_FUNCTION = YES;
				GCC_WARN_UNUSED_VARIABLE = YES;
				IPHONEOS_DEPLOYMENT_TARGET = 14.4;
				MTL_ENABLE_DEBUG_INFO = NO;
				MTL_FAST_MATH = YES;
				SDKROOT = iphoneos;
				SWIFT_COMPILATION_MODE = wholemodule;
				SWIFT_OPTIMIZATION_LEVEL = "-O";
				VALIDATE_PRODUCT = YES;
			};
			name = Release;
		};
		7B87F49226EC7C03003BB1D2 /* Debug */ = {
			isa = XCBuildConfiguration;
			buildSettings = {
				ASSETCATALOG_COMPILER_APPICON_NAME = AppIcon;
				ASSETCATALOG_COMPILER_GLOBAL_ACCENT_COLOR_NAME = AccentColor;
				CODE_SIGN_STYLE = Automatic;
				INFOPLIST_FILE = PassingData/Info.plist;
				LD_RUNPATH_SEARCH_PATHS = (
					"$(inherited)",
					"@executable_path/Frameworks",
				);
				PRODUCT_BUNDLE_IDENTIFIER = com.codewithkyo.PassingData;
				PRODUCT_NAME = "$(TARGET_NAME)";
				SWIFT_VERSION = 5.0;
				TARGETED_DEVICE_FAMILY = "1,2";
			};
			name = Debug;
		};
		7B87F49326EC7C03003BB1D2 /* Release */ = {
			isa = XCBuildConfiguration;
			buildSettings = {
				ASSETCATALOG_COMPILER_APPICON_NAME = AppIcon;
				ASSETCATALOG_COMPILER_GLOBAL_ACCENT_COLOR_NAME = AccentColor;
				CODE_SIGN_STYLE = Automatic;
				INFOPLIST_FILE = PassingData/Info.plist;
				LD_RUNPATH_SEARCH_PATHS = (
					"$(inherited)",
					"@executable_path/Frameworks",
				);
				PRODUCT_BUNDLE_IDENTIFIER = com.codewithkyo.PassingData;
				PRODUCT_NAME = "$(TARGET_NAME)";
				SWIFT_VERSION = 5.0;
				TARGETED_DEVICE_FAMILY = "1,2";
			};
			name = Release;
		};
/* End XCBuildConfiguration section */

/* Begin XCConfigurationList section */
		7B87F47826EC7C01003BB1D2 /* Build configuration list for PBXProject "PassingData" */ = {
			isa = XCConfigurationList;
			buildConfigurations = (
				7B87F48F26EC7C03003BB1D2 /* Debug */,
				7B87F49026EC7C03003BB1D2 /* Release */,
			);
			defaultConfigurationIsVisible = 0;
			defaultConfigurationName = Release;
		};
		7B87F49126EC7C03003BB1D2 /* Build configuration list for PBXNativeTarget "PassingData" */ = {
			isa = XCConfigurationList;
			buildConfigurations = (
				7B87F49226EC7C03003BB1D2 /* Debug */,
				7B87F49326EC7C03003BB1D2 /* Release */,
			);
			defaultConfigurationIsVisible = 0;
			defaultConfigurationName = Release;
		};
/* End XCConfigurationList section */

/* Begin XCRemoteSwiftPackageReference section */
		7BAE642226F721350067C0D6 /* XCRemoteSwiftPackageReference "lottie-ios" */ = {
			isa = XCRemoteSwiftPackageReference;
			repositoryURL = "https://github.com/airbnb/lottie-ios";
			requirement = {
				kind = upToNextMajorVersion;
				minimumVersion = 3.2.3;
			};
		};
/* End XCRemoteSwiftPackageReference section */

/* Begin XCSwiftPackageProductDependency section */
		7BAE642326F721350067C0D6 /* Lottie */ = {
			isa = XCSwiftPackageProductDependency;
			package = 7BAE642226F721350067C0D6 /* XCRemoteSwiftPackageReference "lottie-ios" */;
			productName = Lottie;
		};
/* End XCSwiftPackageProductDependency section */
	};
	rootObject = 7B87F47526EC7C01003BB1D2 /* Project object */;
}
